
Microsoft Visual Studio Solution File, Format Version 12.00
# Visual Studio Version 16
VisualStudioVersion = 16.0.29021.104
MinimumVisualStudioVersion = 10.0.40219.1
Project("{9A19103F-16F7-4668-BE54-9A1E7A4F7556}") = "Traveler", "Traveler\Traveler.csproj", "{E070652D-C0D6-4995-B2BC-B1A7AFF89A21}"
EndProject
Project("{9A19103F-16F7-4668-BE54-9A1E7A4F7556}") = "Storage", "Storage\Storage.csproj", "{9AD75428-5138-4020-8AD1-60287A25C5AD}"
EndProject
Project("{9A19103F-16F7-4668-BE54-9A1E7A4F7556}") = "Starter", "Starter\Starter.csproj", "{C34BF7F8-FD7C-4260-8BC8-0B620BDBB90B}"
EndProject
Global
	GlobalSection(SolutionConfigurationPlatforms) = preSolution
		Debug|Any CPU = Debug|Any CPU
		Release|Any CPU = Release|Any CPU
	EndGlobalSection
	GlobalSection(ProjectConfigurationPlatforms) = postSolution
		{E070652D-C0D6-4995-B2BC-B1A7AFF89A21}.Debug|Any CPU.ActiveCfg = Debug|Any CPU
		{E070652D-C0D6-4995-B2BC-B1A7AFF89A21}.Debug|Any CPU.Build.0 = Debug|Any CPU
		{E070652D-C0D6-4995-B2BC-B1A7AFF89A21}.Release|Any CPU.ActiveCfg = Release|Any CPU
		{E070652D-C0D6-4995-B2BC-B1A7AFF89A21}.Release|Any CPU.Build.0 = Release|Any CPU
		{9AD75428-5138-4020-8AD1-60287A25C5AD}.Debug|Any CPU.ActiveCfg = Debug|Any CPU
		{9AD75428-5138-4020-8AD1-60287A25C5AD}.Debug|Any CPU.Build.0 = Debug|Any CPU
		{9AD75428-5138-4020-8AD1-60287A25C5AD}.Release|Any CPU.ActiveCfg = Release|Any CPU
		{9AD75428-5138-4020-8AD1-60287A25C5AD}.Release|Any CPU.Build.0 = Release|Any CPU
		{C34BF7F8-FD7C-4260-8BC8-0B620BDBB90B}.Debug|Any CPU.ActiveCfg = Debug|Any CPU
		{C34BF7F8-FD7C-4260-8BC8-0B620BDBB90B}.Debug|Any CPU.Build.0 = Debug|Any CPU
		{C34BF7F8-FD7C-4260-8BC8-0B620BDBB90B}.Release|Any CPU.ActiveCfg = Release|Any CPU
		{C34BF7F8-FD7C-4260-8BC8-0B620BDBB90B}.Release|Any CPU.Build.0 = Release|Any CPU
	EndGlobalSection
	GlobalSection(SolutionProperties) = preSolution
		HideSolutionNode = FALSE
	EndGlobalSection
	GlobalSection(ExtensibilityGlobals) = postSolution
		SolutionGuid = {9F39F1DC-3A69-4F06-B5C1-D574D8884065}
	EndGlobalSection
EndGlobal
